
Microsoft Visual Studio Solution File, Format Version 12.00
# Visual Studio 14
VisualStudioVersion = 14.0.25420.1
MinimumVisualStudioVersion = 10.0.40219.1
Project("{FAE04EC0-301F-11D3-BF4B-00C04F79EFBC}") = "XappNinjaCross.Droid", "XappNinjaCross\XappNinjaCross.Droid\XappNinjaCross.Droid.csproj", "{F253AD65-56DC-40BA-AFCA-6650D278BB0A}"
EndProject
Project("{FAE04EC0-301F-11D3-BF4B-00C04F79EFBC}") = "XappNinjaCross.iOS", "XappNinjaCross\XappNinjaCross.iOS\XappNinjaCross.iOS.csproj", "{1F985B3F-3277-4A48-8003-404CC2775E83}"
EndProject
Project("{FAE04EC0-301F-11D3-BF4B-00C04F79EFBC}") = "XappNinjaCross.WinPhone", "XappNinjaCross\XappNinjaCross.WinPhone\XappNinjaCross.WinPhone.csproj", "{7FC01A19-D905-49C6-967F-41338196C88C}"
EndProject
Project("{FAE04EC0-301F-11D3-BF4B-00C04F79EFBC}") = "XappNinjaCross.UWP", "XappNinjaCross\XappNinjaCross.UWP\XappNinjaCross.UWP.csproj", "{6666F838-E445-4F2B-BC28-60074C922BFA}"
EndProject
Project("{FAE04EC0-301F-11D3-BF4B-00C04F79EFBC}") = "XappNinjaCross.Windows", "XappNinjaCross\XappNinjaCross.Windows\XappNinjaCross.Windows.csproj", "{292D00D2-5CD5-4B2A-8213-894F28BDEF6B}"
EndProject
Project("{FAE04EC0-301F-11D3-BF4B-00C04F79EFBC}") = "XappNinjaCross", "XappNinjaCross\XappNinjaCross\XappNinjaCross.csproj", "{BD35EF55-122E-43BF-BD40-9B3E8FB7F006}"
EndProject
Global
	GlobalSection(SolutionConfigurationPlatforms) = preSolution
		Ad-Hoc|Any CPU = Ad-Hoc|Any CPU
		Ad-Hoc|ARM = Ad-Hoc|ARM
		Ad-Hoc|iPhone = Ad-Hoc|iPhone
		Ad-Hoc|iPhoneSimulator = Ad-Hoc|iPhoneSimulator
		Ad-Hoc|x64 = Ad-Hoc|x64
		Ad-Hoc|x86 = Ad-Hoc|x86
		AppStore|Any CPU = AppStore|Any CPU
		AppStore|ARM = AppStore|ARM
		AppStore|iPhone = AppStore|iPhone
		AppStore|iPhoneSimulator = AppStore|iPhoneSimulator
		AppStore|x64 = AppStore|x64
		AppStore|x86 = AppStore|x86
		Debug|Any CPU = Debug|Any CPU
		Debug|ARM = Debug|ARM
		Debug|iPhone = Debug|iPhone
		Debug|iPhoneSimulator = Debug|iPhoneSimulator
		Debug|x64 = Debug|x64
		Debug|x86 = Debug|x86
		Release|Any CPU = Release|Any CPU
		Release|ARM = Release|ARM
		Release|iPhone = Release|iPhone
		Release|iPhoneSimulator = Release|iPhoneSimulator
		Release|x64 = Release|x64
		Release|x86 = Release|x86
	EndGlobalSection
	GlobalSection(ProjectConfigurationPlatforms) = postSolution
		{F253AD65-56DC-40BA-AFCA-6650D278BB0A}.Ad-Hoc|Any CPU.ActiveCfg = Release|Any CPU
		{F253AD65-56DC-40BA-AFCA-6650D278BB0A}.Ad-Hoc|Any CPU.Build.0 = Release|Any CPU
		{F253AD65-56DC-40BA-AFCA-6650D278BB0A}.Ad-Hoc|Any CPU.Deploy.0 = Release|Any CPU
		{F253AD65-56DC-40BA-AFCA-6650D278BB0A}.Ad-Hoc|ARM.ActiveCfg = Release|Any CPU
		{F253AD65-56DC-40BA-AFCA-6650D278BB0A}.Ad-Hoc|ARM.Build.0 = Release|Any CPU
		{F253AD65-56DC-40BA-AFCA-6650D278BB0A}.Ad-Hoc|ARM.Deploy.0 = Release|Any CPU
		{F253AD65-56DC-40BA-AFCA-6650D278BB0A}.Ad-Hoc|iPhone.ActiveCfg = Release|Any CPU
		{F253AD65-56DC-40BA-AFCA-6650D278BB0A}.Ad-Hoc|iPhone.Build.0 = Release|Any CPU
		{F253AD65-56DC-40BA-AFCA-6650D278BB0A}.Ad-Hoc|iPhone.Deploy.0 = Release|Any CPU
		{F253AD65-56DC-40BA-AFCA-6650D278BB0A}.Ad-Hoc|iPhoneSimulator.ActiveCfg = Release|Any CPU
		{F253AD65-56DC-40BA-AFCA-6650D278BB0A}.Ad-Hoc|iPhoneSimulator.Build.0 = Release|Any CPU
		{F253AD65-56DC-40BA-AFCA-6650D278BB0A}.Ad-Hoc|iPhoneSimulator.Deploy.0 = Release|Any CPU
		{F253AD65-56DC-40BA-AFCA-6650D278BB0A}.Ad-Hoc|x64.ActiveCfg = Release|Any CPU
		{F253AD65-56DC-40BA-AFCA-6650D278BB0A}.Ad-Hoc|x64.Build.0 = Release|Any CPU
		{F253AD65-56DC-40BA-AFCA-6650D278BB0A}.Ad-Hoc|x64.Deploy.0 = Release|Any CPU
		{F253AD65-56DC-40BA-AFCA-6650D278BB0A}.Ad-Hoc|x86.ActiveCfg = Release|Any CPU
		{F253AD65-56DC-40BA-AFCA-6650D278BB0A}.Ad-Hoc|x86.Build.0 = Release|Any CPU
		{F253AD65-56DC-40BA-AFCA-6650D278BB0A}.Ad-Hoc|x86.Deploy.0 = Release|Any CPU
		{F253AD65-56DC-40BA-AFCA-6650D278BB0A}.AppStore|Any CPU.ActiveCfg = Release|Any CPU
		{F253AD65-56DC-40BA-AFCA-6650D278BB0A}.AppStore|Any CPU.Build.0 = Release|Any CPU
		{F253AD65-56DC-40BA-AFCA-6650D278BB0A}.AppStore|Any CPU.Deploy.0 = Release|Any CPU
		{F253AD65-56DC-40BA-AFCA-6650D278BB0A}.AppStore|ARM.ActiveCfg = Release|Any CPU
		{F253AD65-56DC-40BA-AFCA-6650D278BB0A}.AppStore|ARM.Build.0 = Release|Any CPU
		{F253AD65-56DC-40BA-AFCA-6650D278BB0A}.AppStore|ARM.Deploy.0 = Release|Any CPU
		{F253AD65-56DC-40BA-AFCA-6650D278BB0A}.AppStore|iPhone.ActiveCfg = Release|Any CPU
		{F253AD65-56DC-40BA-AFCA-6650D278BB0A}.AppStore|iPhone.Build.0 = Release|Any CPU
		{F253AD65-56DC-40BA-AFCA-6650D278BB0A}.AppStore|iPhone.Deploy.0 = Release|Any CPU
		{F253AD65-56DC-40BA-AFCA-6650D278BB0A}.AppStore|iPhoneSimulator.ActiveCfg = Release|Any CPU
		{F253AD65-56DC-40BA-AFCA-6650D278BB0A}.AppStore|iPhoneSimulator.Build.0 = Release|Any CPU
		{F253AD65-56DC-40BA-AFCA-6650D278BB0A}.AppStore|iPhoneSimulator.Deploy.0 = Release|Any CPU
		{F253AD65-56DC-40BA-AFCA-6650D278BB0A}.AppStore|x64.ActiveCfg = Release|Any CPU
		{F253AD65-56DC-40BA-AFCA-6650D278BB0A}.AppStore|x64.Build.0 = Release|Any CPU
		{F253AD65-56DC-40BA-AFCA-6650D278BB0A}.AppStore|x64.Deploy.0 = Release|Any CPU
		{F253AD65-56DC-40BA-AFCA-6650D278BB0A}.AppStore|x86.ActiveCfg = Release|Any CPU
		{F253AD65-56DC-40BA-AFCA-6650D278BB0A}.AppStore|x86.Build.0 = Release|Any CPU
		{F253AD65-56DC-40BA-AFCA-6650D278BB0A}.AppStore|x86.Deploy.0 = Release|Any CPU
		{F253AD65-56DC-40BA-AFCA-6650D278BB0A}.Debug|Any CPU.ActiveCfg = Debug|Any CPU
		{F253AD65-56DC-40BA-AFCA-6650D278BB0A}.Debug|Any CPU.Build.0 = Debug|Any CPU
		{F253AD65-56DC-40BA-AFCA-6650D278BB0A}.Debug|Any CPU.Deploy.0 = Debug|Any CPU
		{F253AD65-56DC-40BA-AFCA-6650D278BB0A}.Debug|ARM.ActiveCfg = Debug|Any CPU
		{F253AD65-56DC-40BA-AFCA-6650D278BB0A}.Debug|ARM.Build.0 = Debug|Any CPU
		{F253AD65-56DC-40BA-AFCA-6650D278BB0A}.Debug|ARM.Deploy.0 = Debug|Any CPU
		{F253AD65-56DC-40BA-AFCA-6650D278BB0A}.Debug|iPhone.ActiveCfg = Debug|Any CPU
		{F253AD65-56DC-40BA-AFCA-6650D278BB0A}.Debug|iPhone.Build.0 = Debug|Any CPU
		{F253AD65-56DC-40BA-AFCA-6650D278BB0A}.Debug|iPhone.Deploy.0 = Debug|Any CPU
		{F253AD65-56DC-40BA-AFCA-6650D278BB0A}.Debug|iPhoneSimulator.ActiveCfg = Debug|Any CPU
		{F253AD65-56DC-40BA-AFCA-6650D278BB0A}.Debug|iPhoneSimulator.Build.0 = Debug|Any CPU
		{F253AD65-56DC-40BA-AFCA-6650D278BB0A}.Debug|iPhoneSimulator.Deploy.0 = Debug|Any CPU
		{F253AD65-56DC-40BA-AFCA-6650D278BB0A}.Debug|x64.ActiveCfg = Debug|Any CPU
		{F253AD65-56DC-40BA-AFCA-6650D278BB0A}.Debug|x64.Build.0 = Debug|Any CPU
		{F253AD65-56DC-40BA-AFCA-6650D278BB0A}.Debug|x64.Deploy.0 = Debug|Any CPU
		{F253AD65-56DC-40BA-AFCA-6650D278BB0A}.Debug|x86.ActiveCfg = Debug|Any CPU
		{F253AD65-56DC-40BA-AFCA-6650D278BB0A}.Debug|x86.Build.0 = Debug|Any CPU
		{F253AD65-56DC-40BA-AFCA-6650D278BB0A}.Debug|x86.Deploy.0 = Debug|Any CPU
		{F253AD65-56DC-40BA-AFCA-6650D278BB0A}.Release|Any CPU.ActiveCfg = Release|Any CPU
		{F253AD65-56DC-40BA-AFCA-6650D278BB0A}.Release|Any CPU.Build.0 = Release|Any CPU
		{F253AD65-56DC-40BA-AFCA-6650D278BB0A}.Release|Any CPU.Deploy.0 = Release|Any CPU
		{F253AD65-56DC-40BA-AFCA-6650D278BB0A}.Release|ARM.ActiveCfg = Release|Any CPU
		{F253AD65-56DC-40BA-AFCA-6650D278BB0A}.Release|ARM.Build.0 = Release|Any CPU
		{F253AD65-56DC-40BA-AFCA-6650D278BB0A}.Release|ARM.Deploy.0 = Release|Any CPU
		{F253AD65-56DC-40BA-AFCA-6650D278BB0A}.Release|iPhone.ActiveCfg = Release|Any CPU
		{F253AD65-56DC-40BA-AFCA-6650D278BB0A}.Release|iPhone.Build.0 = Release|Any CPU
		{F253AD65-56DC-40BA-AFCA-6650D278BB0A}.Release|iPhone.Deploy.0 = Release|Any CPU
		{F253AD65-56DC-40BA-AFCA-6650D278BB0A}.Release|iPhoneSimulator.ActiveCfg = Release|Any CPU
		{F253AD65-56DC-40BA-AFCA-6650D278BB0A}.Release|iPhoneSimulator.Build.0 = Release|Any CPU
		{F253AD65-56DC-40BA-AFCA-6650D278BB0A}.Release|iPhoneSimulator.Deploy.0 = Release|Any CPU
		{F253AD65-56DC-40BA-AFCA-6650D278BB0A}.Release|x64.ActiveCfg = Release|Any CPU
		{F253AD65-56DC-40BA-AFCA-6650D278BB0A}.Release|x64.Build.0 = Release|Any CPU
		{F253AD65-56DC-40BA-AFCA-6650D278BB0A}.Release|x64.Deploy.0 = Release|Any CPU
		{F253AD65-56DC-40BA-AFCA-6650D278BB0A}.Release|x86.ActiveCfg = Release|Any CPU
		{F253AD65-56DC-40BA-AFCA-6650D278BB0A}.Release|x86.Build.0 = Release|Any CPU
		{F253AD65-56DC-40BA-AFCA-6650D278BB0A}.Release|x86.Deploy.0 = Release|Any CPU
		{1F985B3F-3277-4A48-8003-404CC2775E83}.Ad-Hoc|Any CPU.ActiveCfg = Ad-Hoc|iPhone
		{1F985B3F-3277-4A48-8003-404CC2775E83}.Ad-Hoc|ARM.ActiveCfg = Ad-Hoc|iPhone
		{1F985B3F-3277-4A48-8003-404CC2775E83}.Ad-Hoc|iPhone.ActiveCfg = Ad-Hoc|iPhone
		{1F985B3F-3277-4A48-8003-404CC2775E83}.Ad-Hoc|iPhone.Build.0 = Ad-Hoc|iPhone
		{1F985B3F-3277-4A48-8003-404CC2775E83}.Ad-Hoc|iPhoneSimulator.ActiveCfg = Ad-Hoc|iPhoneSimulator
		{1F985B3F-3277-4A48-8003-404CC2775E83}.Ad-Hoc|iPhoneSimulator.Build.0 = Ad-Hoc|iPhoneSimulator
		{1F985B3F-3277-4A48-8003-404CC2775E83}.Ad-Hoc|x64.ActiveCfg = Ad-Hoc|iPhone
		{1F985B3F-3277-4A48-8003-404CC2775E83}.Ad-Hoc|x86.ActiveCfg = Ad-Hoc|iPhone
		{1F985B3F-3277-4A48-8003-404CC2775E83}.AppStore|Any CPU.ActiveCfg = AppStore|iPhone
		{1F985B3F-3277-4A48-8003-404CC2775E83}.AppStore|ARM.ActiveCfg = AppStore|iPhone
		{1F985B3F-3277-4A48-8003-404CC2775E83}.AppStore|iPhone.ActiveCfg = AppStore|iPhone
		{1F985B3F-3277-4A48-8003-404CC2775E83}.AppStore|iPhone.Build.0 = AppStore|iPhone
		{1F985B3F-3277-4A48-8003-404CC2775E83}.AppStore|iPhoneSimulator.ActiveCfg = AppStore|iPhoneSimulator
		{1F985B3F-3277-4A48-8003-404CC2775E83}.AppStore|iPhoneSimulator.Build.0 = AppStore|iPhoneSimulator
		{1F985B3F-3277-4A48-8003-404CC2775E83}.AppStore|x64.ActiveCfg = AppStore|iPhone
		{1F985B3F-3277-4A48-8003-404CC2775E83}.AppStore|x86.ActiveCfg = AppStore|iPhone
		{1F985B3F-3277-4A48-8003-404CC2775E83}.Debug|Any CPU.ActiveCfg = Debug|iPhone
		{1F985B3F-3277-4A48-8003-404CC2775E83}.Debug|ARM.ActiveCfg = Debug|iPhone
		{1F985B3F-3277-4A48-8003-404CC2775E83}.Debug|iPhone.ActiveCfg = Debug|iPhone
		{1F985B3F-3277-4A48-8003-404CC2775E83}.Debug|iPhone.Build.0 = Debug|iPhone
		{1F985B3F-3277-4A48-8003-404CC2775E83}.Debug|iPhoneSimulator.ActiveCfg = Debug|iPhoneSimulator
		{1F985B3F-3277-4A48-8003-404CC2775E83}.Debug|iPhoneSimulator.Build.0 = Debug|iPhoneSimulator
		{1F985B3F-3277-4A48-8003-404CC2775E83}.Debug|x64.ActiveCfg = Debug|iPhone
		{1F985B3F-3277-4A48-8003-404CC2775E83}.Debug|x86.ActiveCfg = Debug|iPhone
		{1F985B3F-3277-4A48-8003-404CC2775E83}.Release|Any CPU.ActiveCfg = Release|iPhone
		{1F985B3F-3277-4A48-8003-404CC2775E83}.Release|ARM.ActiveCfg = Release|iPhone
		{1F985B3F-3277-4A48-8003-404CC2775E83}.Release|iPhone.ActiveCfg = Release|iPhone
		{1F985B3F-3277-4A48-8003-404CC2775E83}.Release|iPhone.Build.0 = Release|iPhone
		{1F985B3F-3277-4A48-8003-404CC2775E83}.Release|iPhoneSimulator.ActiveCfg = Release|iPhoneSimulator
		{1F985B3F-3277-4A48-8003-404CC2775E83}.Release|iPhoneSimulator.Build.0 = Release|iPhoneSimulator
		{1F985B3F-3277-4A48-8003-404CC2775E83}.Release|x64.ActiveCfg = Release|iPhone
		{1F985B3F-3277-4A48-8003-404CC2775E83}.Release|x86.ActiveCfg = Release|iPhone
		{7FC01A19-D905-49C6-967F-41338196C88C}.Ad-Hoc|Any CPU.ActiveCfg = Release|Any CPU
		{7FC01A19-D905-49C6-967F-41338196C88C}.Ad-Hoc|Any CPU.Build.0 = Release|Any CPU
		{7FC01A19-D905-49C6-967F-41338196C88C}.Ad-Hoc|Any CPU.Deploy.0 = Release|Any CPU
		{7FC01A19-D905-49C6-967F-41338196C88C}.Ad-Hoc|ARM.ActiveCfg = Release|ARM
		{7FC01A19-D905-49C6-967F-41338196C88C}.Ad-Hoc|ARM.Build.0 = Release|ARM
		{7FC01A19-D905-49C6-967F-41338196C88C}.Ad-Hoc|ARM.Deploy.0 = Release|ARM
		{7FC01A19-D905-49C6-967F-41338196C88C}.Ad-Hoc|iPhone.ActiveCfg = Release|Any CPU
		{7FC01A19-D905-49C6-967F-41338196C88C}.Ad-Hoc|iPhone.Build.0 = Release|Any CPU
		{7FC01A19-D905-49C6-967F-41338196C88C}.Ad-Hoc|iPhone.Deploy.0 = Release|Any CPU
		{7FC01A19-D905-49C6-967F-41338196C88C}.Ad-Hoc|iPhoneSimulator.ActiveCfg = Release|Any CPU
		{7FC01A19-D905-49C6-967F-41338196C88C}.Ad-Hoc|iPhoneSimulator.Build.0 = Release|Any CPU
		{7FC01A19-D905-49C6-967F-41338196C88C}.Ad-Hoc|iPhoneSimulator.Deploy.0 = Release|Any CPU
		{7FC01A19-D905-49C6-967F-41338196C88C}.Ad-Hoc|x64.ActiveCfg = Release|Any CPU
		{7FC01A19-D905-49C6-967F-41338196C88C}.Ad-Hoc|x64.Build.0 = Release|Any CPU
		{7FC01A19-D905-49C6-967F-41338196C88C}.Ad-Hoc|x64.Deploy.0 = Release|Any CPU
		{7FC01A19-D905-49C6-967F-41338196C88C}.Ad-Hoc|x86.ActiveCfg = Release|x86
		{7FC01A19-D905-49C6-967F-41338196C88C}.Ad-Hoc|x86.Build.0 = Release|x86
		{7FC01A19-D905-49C6-967F-41338196C88C}.Ad-Hoc|x86.Deploy.0 = Release|x86
		{7FC01A19-D905-49C6-967F-41338196C88C}.AppStore|Any CPU.ActiveCfg = Release|Any CPU
		{7FC01A19-D905-49C6-967F-41338196C88C}.AppStore|Any CPU.Build.0 = Release|Any CPU
		{7FC01A19-D905-49C6-967F-41338196C88C}.AppStore|Any CPU.Deploy.0 = Release|Any CPU
		{7FC01A19-D905-49C6-967F-41338196C88C}.AppStore|ARM.ActiveCfg = Release|ARM
		{7FC01A19-D905-49C6-967F-41338196C88C}.AppStore|ARM.Build.0 = Release|ARM
		{7FC01A19-D905-49C6-967F-41338196C88C}.AppStore|ARM.Deploy.0 = Release|ARM
		{7FC01A19-D905-49C6-967F-41338196C88C}.AppStore|iPhone.ActiveCfg = Release|Any CPU
		{7FC01A19-D905-49C6-967F-41338196C88C}.AppStore|iPhone.Build.0 = Release|Any CPU
		{7FC01A19-D905-49C6-967F-41338196C88C}.AppStore|iPhone.Deploy.0 = Release|Any CPU
		{7FC01A19-D905-49C6-967F-41338196C88C}.AppStore|iPhoneSimulator.ActiveCfg = Release|Any CPU
		{7FC01A19-D905-49C6-967F-41338196C88C}.AppStore|iPhoneSimulator.Build.0 = Release|Any CPU
		{7FC01A19-D905-49C6-967F-41338196C88C}.AppStore|iPhoneSimulator.Deploy.0 = Release|Any CPU
		{7FC01A19-D905-49C6-967F-41338196C88C}.AppStore|x64.ActiveCfg = Release|Any CPU
		{7FC01A19-D905-49C6-967F-41338196C88C}.AppStore|x64.Build.0 = Release|Any CPU
		{7FC01A19-D905-49C6-967F-41338196C88C}.AppStore|x64.Deploy.0 = Release|Any CPU
		{7FC01A19-D905-49C6-967F-41338196C88C}.AppStore|x86.ActiveCfg = Release|x86
		{7FC01A19-D905-49C6-967F-41338196C88C}.AppStore|x86.Build.0 = Release|x86
		{7FC01A19-D905-49C6-967F-41338196C88C}.AppStore|x86.Deploy.0 = Release|x86
		{7FC01A19-D905-49C6-967F-41338196C88C}.Debug|Any CPU.ActiveCfg = Debug|Any CPU
		{7FC01A19-D905-49C6-967F-41338196C88C}.Debug|Any CPU.Build.0 = Debug|Any CPU
		{7FC01A19-D905-49C6-967F-41338196C88C}.Debug|Any CPU.Deploy.0 = Debug|Any CPU
		{7FC01A19-D905-49C6-967F-41338196C88C}.Debug|ARM.ActiveCfg = Debug|ARM
		{7FC01A19-D905-49C6-967F-41338196C88C}.Debug|ARM.Build.0 = Debug|ARM
		{7FC01A19-D905-49C6-967F-41338196C88C}.Debug|ARM.Deploy.0 = Debug|ARM
		{7FC01A19-D905-49C6-967F-41338196C88C}.Debug|iPhone.ActiveCfg = Debug|Any CPU
		{7FC01A19-D905-49C6-967F-41338196C88C}.Debug|iPhone.Build.0 = Debug|Any CPU
		{7FC01A19-D905-49C6-967F-41338196C88C}.Debug|iPhone.Deploy.0 = Debug|Any CPU
		{7FC01A19-D905-49C6-967F-41338196C88C}.Debug|iPhoneSimulator.ActiveCfg = Debug|Any CPU
		{7FC01A19-D905-49C6-967F-41338196C88C}.Debug|iPhoneSimulator.Build.0 = Debug|Any CPU
		{7FC01A19-D905-49C6-967F-41338196C88C}.Debug|iPhoneSimulator.Deploy.0 = Debug|Any CPU
		{7FC01A19-D905-49C6-967F-41338196C88C}.Debug|x64.ActiveCfg = Debug|Any CPU
		{7FC01A19-D905-49C6-967F-41338196C88C}.Debug|x64.Build.0 = Debug|Any CPU
		{7FC01A19-D905-49C6-967F-41338196C88C}.Debug|x64.Deploy.0 = Debug|Any CPU
		{7FC01A19-D905-49C6-967F-41338196C88C}.Debug|x86.ActiveCfg = Debug|x86
		{7FC01A19-D905-49C6-967F-41338196C88C}.Debug|x86.Build.0 = Debug|x86
		{7FC01A19-D905-49C6-967F-41338196C88C}.Debug|x86.Deploy.0 = Debug|x86
		{7FC01A19-D905-49C6-967F-41338196C88C}.Release|Any CPU.ActiveCfg = Release|Any CPU
		{7FC01A19-D905-49C6-967F-41338196C88C}.Release|Any CPU.Build.0 = Release|Any CPU
		{7FC01A19-D905-49C6-967F-41338196C88C}.Release|Any CPU.Deploy.0 = Release|Any CPU
		{7FC01A19-D905-49C6-967F-41338196C88C}.Release|ARM.ActiveCfg = Release|ARM
		{7FC01A19-D905-49C6-967F-41338196C88C}.Release|ARM.Build.0 = Release|ARM
		{7FC01A19-D905-49C6-967F-41338196C88C}.Release|ARM.Deploy.0 = Release|ARM
		{7FC01A19-D905-49C6-967F-41338196C88C}.Release|iPhone.ActiveCfg = Release|Any CPU
		{7FC01A19-D905-49C6-967F-41338196C88C}.Release|iPhone.Build.0 = Release|Any CPU
		{7FC01A19-D905-49C6-967F-41338196C88C}.Release|iPhone.Deploy.0 = Release|Any CPU
		{7FC01A19-D905-49C6-967F-41338196C88C}.Release|iPhoneSimulator.ActiveCfg = Release|Any CPU
		{7FC01A19-D905-49C6-967F-41338196C88C}.Release|iPhoneSimulator.Build.0 = Release|Any CPU
		{7FC01A19-D905-49C6-967F-41338196C88C}.Release|iPhoneSimulator.Deploy.0 = Release|Any CPU
		{7FC01A19-D905-49C6-967F-41338196C88C}.Release|x64.ActiveCfg = Release|Any CPU
		{7FC01A19-D905-49C6-967F-41338196C88C}.Release|x64.Build.0 = Release|Any CPU
		{7FC01A19-D905-49C6-967F-41338196C88C}.Release|x64.Deploy.0 = Release|Any CPU
		{7FC01A19-D905-49C6-967F-41338196C88C}.Release|x86.ActiveCfg = Release|x86
		{7FC01A19-D905-49C6-967F-41338196C88C}.Release|x86.Build.0 = Release|x86
		{7FC01A19-D905-49C6-967F-41338196C88C}.Release|x86.Deploy.0 = Release|x86
		{6666F838-E445-4F2B-BC28-60074C922BFA}.Ad-Hoc|Any CPU.ActiveCfg = Release|x86
		{6666F838-E445-4F2B-BC28-60074C922BFA}.Ad-Hoc|Any CPU.Build.0 = Release|x86
		{6666F838-E445-4F2B-BC28-60074C922BFA}.Ad-Hoc|Any CPU.Deploy.0 = Release|x86
		{6666F838-E445-4F2B-BC28-60074C922BFA}.Ad-Hoc|ARM.ActiveCfg = Release|ARM
		{6666F838-E445-4F2B-BC28-60074C922BFA}.Ad-Hoc|ARM.Build.0 = Release|ARM
		{6666F838-E445-4F2B-BC28-60074C922BFA}.Ad-Hoc|ARM.Deploy.0 = Release|ARM
		{6666F838-E445-4F2B-BC28-60074C922BFA}.Ad-Hoc|iPhone.ActiveCfg = Release|x86
		{6666F838-E445-4F2B-BC28-60074C922BFA}.Ad-Hoc|iPhone.Build.0 = Release|x86
		{6666F838-E445-4F2B-BC28-60074C922BFA}.Ad-Hoc|iPhone.Deploy.0 = Release|x86
		{6666F838-E445-4F2B-BC28-60074C922BFA}.Ad-Hoc|iPhoneSimulator.ActiveCfg = Release|x86
		{6666F838-E445-4F2B-BC28-60074C922BFA}.Ad-Hoc|iPhoneSimulator.Build.0 = Release|x86
		{6666F838-E445-4F2B-BC28-60074C922BFA}.Ad-Hoc|iPhoneSimulator.Deploy.0 = Release|x86
		{6666F838-E445-4F2B-BC28-60074C922BFA}.Ad-Hoc|x64.ActiveCfg = Release|x64
		{6666F838-E445-4F2B-BC28-60074C922BFA}.Ad-Hoc|x64.Build.0 = Release|x64
		{6666F838-E445-4F2B-BC28-60074C922BFA}.Ad-Hoc|x64.Deploy.0 = Release|x64
		{6666F838-E445-4F2B-BC28-60074C922BFA}.Ad-Hoc|x86.ActiveCfg = Release|x86
		{6666F838-E445-4F2B-BC28-60074C922BFA}.Ad-Hoc|x86.Build.0 = Release|x86
		{6666F838-E445-4F2B-BC28-60074C922BFA}.Ad-Hoc|x86.Deploy.0 = Release|x86
		{6666F838-E445-4F2B-BC28-60074C922BFA}.AppStore|Any CPU.ActiveCfg = Release|x86
		{6666F838-E445-4F2B-BC28-60074C922BFA}.AppStore|Any CPU.Build.0 = Release|x86
		{6666F838-E445-4F2B-BC28-60074C922BFA}.AppStore|Any CPU.Deploy.0 = Release|x86
		{6666F838-E445-4F2B-BC28-60074C922BFA}.AppStore|ARM.ActiveCfg = Release|ARM
		{6666F838-E445-4F2B-BC28-60074C922BFA}.AppStore|ARM.Build.0 = Release|ARM
		{6666F838-E445-4F2B-BC28-60074C922BFA}.AppStore|ARM.Deploy.0 = Release|ARM
		{6666F838-E445-4F2B-BC28-60074C922BFA}.AppStore|iPhone.ActiveCfg = Release|x86
		{6666F838-E445-4F2B-BC28-60074C922BFA}.AppStore|iPhone.Build.0 = Release|x86
		{6666F838-E445-4F2B-BC28-60074C922BFA}.AppStore|iPhone.Deploy.0 = Release|x86
		{6666F838-E445-4F2B-BC28-60074C922BFA}.AppStore|iPhoneSimulator.ActiveCfg = Release|x86
		{6666F838-E445-4F2B-BC28-60074C922BFA}.AppStore|iPhoneSimulator.Build.0 = Release|x86
		{6666F838-E445-4F2B-BC28-60074C922BFA}.AppStore|iPhoneSimulator.Deploy.0 = Release|x86
		{6666F838-E445-4F2B-BC28-60074C922BFA}.AppStore|x64.ActiveCfg = Release|x64
		{6666F838-E445-4F2B-BC28-60074C922BFA}.AppStore|x64.Build.0 = Release|x64
		{6666F838-E445-4F2B-BC28-60074C922BFA}.AppStore|x64.Deploy.0 = Release|x64
		{6666F838-E445-4F2B-BC28-60074C922BFA}.AppStore|x86.ActiveCfg = Release|x86
		{6666F838-E445-4F2B-BC28-60074C922BFA}.AppStore|x86.Build.0 = Release|x86
		{6666F838-E445-4F2B-BC28-60074C922BFA}.AppStore|x86.Deploy.0 = Release|x86
		{6666F838-E445-4F2B-BC28-60074C922BFA}.Debug|Any CPU.ActiveCfg = Debug|x86
		{6666F838-E445-4F2B-BC28-60074C922BFA}.Debug|ARM.ActiveCfg = Debug|ARM
		{6666F838-E445-4F2B-BC28-60074C922BFA}.Debug|ARM.Build.0 = Debug|ARM
		{6666F838-E445-4F2B-BC28-60074C922BFA}.Debug|ARM.Deploy.0 = Debug|ARM
		{6666F838-E445-4F2B-BC28-60074C922BFA}.Debug|iPhone.ActiveCfg = Debug|x86
		{6666F838-E445-4F2B-BC28-60074C922BFA}.Debug|iPhoneSimulator.ActiveCfg = Debug|x86
		{6666F838-E445-4F2B-BC28-60074C922BFA}.Debug|x64.ActiveCfg = Debug|x64
		{6666F838-E445-4F2B-BC28-60074C922BFA}.Debug|x64.Build.0 = Debug|x64
		{6666F838-E445-4F2B-BC28-60074C922BFA}.Debug|x64.Deploy.0 = Debug|x64
		{6666F838-E445-4F2B-BC28-60074C922BFA}.Debug|x86.ActiveCfg = Debug|x86
		{6666F838-E445-4F2B-BC28-60074C922BFA}.Debug|x86.Build.0 = Debug|x86
		{6666F838-E445-4F2B-BC28-60074C922BFA}.Debug|x86.Deploy.0 = Debug|x86
		{6666F838-E445-4F2B-BC28-60074C922BFA}.Release|Any CPU.ActiveCfg = Release|x86
		{6666F838-E445-4F2B-BC28-60074C922BFA}.Release|ARM.ActiveCfg = Release|ARM
		{6666F838-E445-4F2B-BC28-60074C922BFA}.Release|ARM.Build.0 = Release|ARM
		{6666F838-E445-4F2B-BC28-60074C922BFA}.Release|ARM.Deploy.0 = Release|ARM
		{6666F838-E445-4F2B-BC28-60074C922BFA}.Release|iPhone.ActiveCfg = Release|x86
		{6666F838-E445-4F2B-BC28-60074C922BFA}.Release|iPhoneSimulator.ActiveCfg = Release|x86
		{6666F838-E445-4F2B-BC28-60074C922BFA}.Release|x64.ActiveCfg = Release|x64
		{6666F838-E445-4F2B-BC28-60074C922BFA}.Release|x64.Build.0 = Release|x64
		{6666F838-E445-4F2B-BC28-60074C922BFA}.Release|x64.Deploy.0 = Release|x64
		{6666F838-E445-4F2B-BC28-60074C922BFA}.Release|x86.ActiveCfg = Release|x86
		{6666F838-E445-4F2B-BC28-60074C922BFA}.Release|x86.Build.0 = Release|x86
		{6666F838-E445-4F2B-BC28-60074C922BFA}.Release|x86.Deploy.0 = Release|x86
		{292D00D2-5CD5-4B2A-8213-894F28BDEF6B}.Ad-Hoc|Any CPU.ActiveCfg = Release|Any CPU
		{292D00D2-5CD5-4B2A-8213-894F28BDEF6B}.Ad-Hoc|Any CPU.Build.0 = Release|Any CPU
		{292D00D2-5CD5-4B2A-8213-894F28BDEF6B}.Ad-Hoc|Any CPU.Deploy.0 = Release|Any CPU
		{292D00D2-5CD5-4B2A-8213-894F28BDEF6B}.Ad-Hoc|ARM.ActiveCfg = Release|ARM
		{292D00D2-5CD5-4B2A-8213-894F28BDEF6B}.Ad-Hoc|ARM.Build.0 = Release|ARM
		{292D00D2-5CD5-4B2A-8213-894F28BDEF6B}.Ad-Hoc|ARM.Deploy.0 = Release|ARM
		{292D00D2-5CD5-4B2A-8213-894F28BDEF6B}.Ad-Hoc|iPhone.ActiveCfg = Release|Any CPU
		{292D00D2-5CD5-4B2A-8213-894F28BDEF6B}.Ad-Hoc|iPhone.Build.0 = Release|Any CPU
		{292D00D2-5CD5-4B2A-8213-894F28BDEF6B}.Ad-Hoc|iPhone.Deploy.0 = Release|Any CPU
		{292D00D2-5CD5-4B2A-8213-894F28BDEF6B}.Ad-Hoc|iPhoneSimulator.ActiveCfg = Release|Any CPU
		{292D00D2-5CD5-4B2A-8213-894F28BDEF6B}.Ad-Hoc|iPhoneSimulator.Build.0 = Release|Any CPU
		{292D00D2-5CD5-4B2A-8213-894F28BDEF6B}.Ad-Hoc|iPhoneSimulator.Deploy.0 = Release|Any CPU
		{292D00D2-5CD5-4B2A-8213-894F28BDEF6B}.Ad-Hoc|x64.ActiveCfg = Release|x64
		{292D00D2-5CD5-4B2A-8213-894F28BDEF6B}.Ad-Hoc|x64.Build.0 = Release|x64
		{292D00D2-5CD5-4B2A-8213-894F28BDEF6B}.Ad-Hoc|x64.Deploy.0 = Release|x64
		{292D00D2-5CD5-4B2A-8213-894F28BDEF6B}.Ad-Hoc|x86.ActiveCfg = Release|x86
		{292D00D2-5CD5-4B2A-8213-894F28BDEF6B}.Ad-Hoc|x86.Build.0 = Release|x86
		{292D00D2-5CD5-4B2A-8213-894F28BDEF6B}.Ad-Hoc|x86.Deploy.0 = Release|x86
		{292D00D2-5CD5-4B2A-8213-894F28BDEF6B}.AppStore|Any CPU.ActiveCfg = Release|Any CPU
		{292D00D2-5CD5-4B2A-8213-894F28BDEF6B}.AppStore|Any CPU.Build.0 = Release|Any CPU
		{292D00D2-5CD5-4B2A-8213-894F28BDEF6B}.AppStore|Any CPU.Deploy.0 = Release|Any CPU
		{292D00D2-5CD5-4B2A-8213-894F28BDEF6B}.AppStore|ARM.ActiveCfg = Release|ARM
		{292D00D2-5CD5-4B2A-8213-894F28BDEF6B}.AppStore|ARM.Build.0 = Release|ARM
		{292D00D2-5CD5-4B2A-8213-894F28BDEF6B}.AppStore|ARM.Deploy.0 = Release|ARM
		{292D00D2-5CD5-4B2A-8213-894F28BDEF6B}.AppStore|iPhone.ActiveCfg = Release|Any CPU
		{292D00D2-5CD5-4B2A-8213-894F28BDEF6B}.AppStore|iPhone.Build.0 = Release|Any CPU
		{292D00D2-5CD5-4B2A-8213-894F28BDEF6B}.AppStore|iPhone.Deploy.0 = Release|Any CPU
		{292D00D2-5CD5-4B2A-8213-894F28BDEF6B}.AppStore|iPhoneSimulator.ActiveCfg = Release|Any CPU
		{292D00D2-5CD5-4B2A-8213-894F28BDEF6B}.AppStore|iPhoneSimulator.Build.0 = Release|Any CPU
		{292D00D2-5CD5-4B2A-8213-894F28BDEF6B}.AppStore|iPhoneSimulator.Deploy.0 = Release|Any CPU
		{292D00D2-5CD5-4B2A-8213-894F28BDEF6B}.AppStore|x64.ActiveCfg = Release|x64
		{292D00D2-5CD5-4B2A-8213-894F28BDEF6B}.AppStore|x64.Build.0 = Release|x64
		{292D00D2-5CD5-4B2A-8213-894F28BDEF6B}.AppStore|x64.Deploy.0 = Release|x64
		{292D00D2-5CD5-4B2A-8213-894F28BDEF6B}.AppStore|x86.ActiveCfg = Release|x86
		{292D00D2-5CD5-4B2A-8213-894F28BDEF6B}.AppStore|x86.Build.0 = Release|x86
		{292D00D2-5CD5-4B2A-8213-894F28BDEF6B}.AppStore|x86.Deploy.0 = Release|x86
		{292D00D2-5CD5-4B2A-8213-894F28BDEF6B}.Debug|Any CPU.ActiveCfg = Debug|Any CPU
		{292D00D2-5CD5-4B2A-8213-894F28BDEF6B}.Debug|Any CPU.Build.0 = Debug|Any CPU
		{292D00D2-5CD5-4B2A-8213-894F28BDEF6B}.Debug|Any CPU.Deploy.0 = Debug|Any CPU
		{292D00D2-5CD5-4B2A-8213-894F28BDEF6B}.Debug|ARM.ActiveCfg = Debug|ARM
		{292D00D2-5CD5-4B2A-8213-894F28BDEF6B}.Debug|ARM.Build.0 = Debug|ARM
		{292D00D2-5CD5-4B2A-8213-894F28BDEF6B}.Debug|ARM.Deploy.0 = Debug|ARM
		{292D00D2-5CD5-4B2A-8213-894F28BDEF6B}.Debug|iPhone.ActiveCfg = Debug|Any CPU
		{292D00D2-5CD5-4B2A-8213-894F28BDEF6B}.Debug|iPhone.Build.0 = Debug|Any CPU
		{292D00D2-5CD5-4B2A-8213-894F28BDEF6B}.Debug|iPhone.Deploy.0 = Debug|Any CPU
		{292D00D2-5CD5-4B2A-8213-894F28BDEF6B}.Debug|iPhoneSimulator.ActiveCfg = Debug|Any CPU
		{292D00D2-5CD5-4B2A-8213-894F28BDEF6B}.Debug|iPhoneSimulator.Build.0 = Debug|Any CPU
		{292D00D2-5CD5-4B2A-8213-894F28BDEF6B}.Debug|iPhoneSimulator.Deploy.0 = Debug|Any CPU
		{292D00D2-5CD5-4B2A-8213-894F28BDEF6B}.Debug|x64.ActiveCfg = Debug|x64
		{292D00D2-5CD5-4B2A-8213-894F28BDEF6B}.Debug|x64.Build.0 = Debug|x64
		{292D00D2-5CD5-4B2A-8213-894F28BDEF6B}.Debug|x64.Deploy.0 = Debug|x64
		{292D00D2-5CD5-4B2A-8213-894F28BDEF6B}.Debug|x86.ActiveCfg = Debug|x86
		{292D00D2-5CD5-4B2A-8213-894F28BDEF6B}.Debug|x86.Build.0 = Debug|x86
		{292D00D2-5CD5-4B2A-8213-894F28BDEF6B}.Debug|x86.Deploy.0 = Debug|x86
		{292D00D2-5CD5-4B2A-8213-894F28BDEF6B}.Release|Any CPU.ActiveCfg = Release|Any CPU
		{292D00D2-5CD5-4B2A-8213-894F28BDEF6B}.Release|Any CPU.Build.0 = Release|Any CPU
		{292D00D2-5CD5-4B2A-8213-894F28BDEF6B}.Release|Any CPU.Deploy.0 = Release|Any CPU
		{292D00D2-5CD5-4B2A-8213-894F28BDEF6B}.Release|ARM.ActiveCfg = Release|ARM
		{292D00D2-5CD5-4B2A-8213-894F28BDEF6B}.Release|ARM.Build.0 = Release|ARM
		{292D00D2-5CD5-4B2A-8213-894F28BDEF6B}.Release|ARM.Deploy.0 = Release|ARM
		{292D00D2-5CD5-4B2A-8213-894F28BDEF6B}.Release|iPhone.ActiveCfg = Release|Any CPU
		{292D00D2-5CD5-4B2A-8213-894F28BDEF6B}.Release|iPhone.Build.0 = Release|Any CPU
		{292D00D2-5CD5-4B2A-8213-894F28BDEF6B}.Release|iPhone.Deploy.0 = Release|Any CPU
		{292D00D2-5CD5-4B2A-8213-894F28BDEF6B}.Release|iPhoneSimulator.ActiveCfg = Release|Any CPU
		{292D00D2-5CD5-4B2A-8213-894F28BDEF6B}.Release|iPhoneSimulator.Build.0 = Release|Any CPU
		{292D00D2-5CD5-4B2A-8213-894F28BDEF6B}.Release|iPhoneSimulator.Deploy.0 = Release|Any CPU
		{292D00D2-5CD5-4B2A-8213-894F28BDEF6B}.Release|x64.ActiveCfg = Release|x64
		{292D00D2-5CD5-4B2A-8213-894F28BDEF6B}.Release|x64.Build.0 = Release|x64
		{292D00D2-5CD5-4B2A-8213-894F28BDEF6B}.Release|x64.Deploy.0 = Release|x64
		{292D00D2-5CD5-4B2A-8213-894F28BDEF6B}.Release|x86.ActiveCfg = Release|x86
		{292D00D2-5CD5-4B2A-8213-894F28BDEF6B}.Release|x86.Build.0 = Release|x86
		{292D00D2-5CD5-4B2A-8213-894F28BDEF6B}.Release|x86.Deploy.0 = Release|x86
		{BD35EF55-122E-43BF-BD40-9B3E8FB7F006}.Ad-Hoc|Any CPU.ActiveCfg = Release|Any CPU
		{BD35EF55-122E-43BF-BD40-9B3E8FB7F006}.Ad-Hoc|Any CPU.Build.0 = Release|Any CPU
		{BD35EF55-122E-43BF-BD40-9B3E8FB7F006}.Ad-Hoc|ARM.ActiveCfg = Release|Any CPU
		{BD35EF55-122E-43BF-BD40-9B3E8FB7F006}.Ad-Hoc|ARM.Build.0 = Release|Any CPU
		{BD35EF55-122E-43BF-BD40-9B3E8FB7F006}.Ad-Hoc|iPhone.ActiveCfg = Release|Any CPU
		{BD35EF55-122E-43BF-BD40-9B3E8FB7F006}.Ad-Hoc|iPhone.Build.0 = Release|Any CPU
		{BD35EF55-122E-43BF-BD40-9B3E8FB7F006}.Ad-Hoc|iPhoneSimulator.ActiveCfg = Release|Any CPU
		{BD35EF55-122E-43BF-BD40-9B3E8FB7F006}.Ad-Hoc|iPhoneSimulator.Build.0 = Release|Any CPU
		{BD35EF55-122E-43BF-BD40-9B3E8FB7F006}.Ad-Hoc|x64.ActiveCfg = Release|Any CPU
		{BD35EF55-122E-43BF-BD40-9B3E8FB7F006}.Ad-Hoc|x64.Build.0 = Release|Any CPU
		{BD35EF55-122E-43BF-BD40-9B3E8FB7F006}.Ad-Hoc|x86.ActiveCfg = Release|Any CPU
		{BD35EF55-122E-43BF-BD40-9B3E8FB7F006}.Ad-Hoc|x86.Build.0 = Release|Any CPU
		{BD35EF55-122E-43BF-BD40-9B3E8FB7F006}.AppStore|Any CPU.ActiveCfg = Release|Any CPU
		{BD35EF55-122E-43BF-BD40-9B3E8FB7F006}.AppStore|Any CPU.Build.0 = Release|Any CPU
		{BD35EF55-122E-43BF-BD40-9B3E8FB7F006}.AppStore|ARM.ActiveCfg = Release|Any CPU
		{BD35EF55-122E-43BF-BD40-9B3E8FB7F006}.AppStore|ARM.Build.0 = Release|Any CPU
		{BD35EF55-122E-43BF-BD40-9B3E8FB7F006}.AppStore|iPhone.ActiveCfg = Release|Any CPU
		{BD35EF55-122E-43BF-BD40-9B3E8FB7F006}.AppStore|iPhone.Build.0 = Release|Any CPU
		{BD35EF55-122E-43BF-BD40-9B3E8FB7F006}.AppStore|iPhoneSimulator.ActiveCfg = Release|Any CPU
		{BD35EF55-122E-43BF-BD40-9B3E8FB7F006}.AppStore|iPhoneSimulator.Build.0 = Release|Any CPU
		{BD35EF55-122E-43BF-BD40-9B3E8FB7F006}.AppStore|x64.ActiveCfg = Release|Any CPU
		{BD35EF55-122E-43BF-BD40-9B3E8FB7F006}.AppStore|x64.Build.0 = Release|Any CPU
		{BD35EF55-122E-43BF-BD40-9B3E8FB7F006}.AppStore|x86.ActiveCfg = Release|Any CPU
		{BD35EF55-122E-43BF-BD40-9B3E8FB7F006}.AppStore|x86.Build.0 = Release|Any CPU
		{BD35EF55-122E-43BF-BD40-9B3E8FB7F006}.Debug|Any CPU.ActiveCfg = Debug|Any CPU
		{BD35EF55-122E-43BF-BD40-9B3E8FB7F006}.Debug|Any CPU.Build.0 = Debug|Any CPU
		{BD35EF55-122E-43BF-BD40-9B3E8FB7F006}.Debug|ARM.ActiveCfg = Debug|Any CPU
		{BD35EF55-122E-43BF-BD40-9B3E8FB7F006}.Debug|ARM.Build.0 = Debug|Any CPU
		{BD35EF55-122E-43BF-BD40-9B3E8FB7F006}.Debug|iPhone.ActiveCfg = Debug|Any CPU
		{BD35EF55-122E-43BF-BD40-9B3E8FB7F006}.Debug|iPhone.Build.0 = Debug|Any CPU
		{BD35EF55-122E-43BF-BD40-9B3E8FB7F006}.Debug|iPhoneSimulator.ActiveCfg = Debug|Any CPU
		{BD35EF55-122E-43BF-BD40-9B3E8FB7F006}.Debug|iPhoneSimulator.Build.0 = Debug|Any CPU
		{BD35EF55-122E-43BF-BD40-9B3E8FB7F006}.Debug|x64.ActiveCfg = Debug|Any CPU
		{BD35EF55-122E-43BF-BD40-9B3E8FB7F006}.Debug|x64.Build.0 = Debug|Any CPU
		{BD35EF55-122E-43BF-BD40-9B3E8FB7F006}.Debug|x86.ActiveCfg = Debug|Any CPU
		{BD35EF55-122E-43BF-BD40-9B3E8FB7F006}.Debug|x86.Build.0 = Debug|Any CPU
		{BD35EF55-122E-43BF-BD40-9B3E8FB7F006}.Release|Any CPU.ActiveCfg = Release|Any CPU
		{BD35EF55-122E-43BF-BD40-9B3E8FB7F006}.Release|Any CPU.Build.0 = Release|Any CPU
		{BD35EF55-122E-43BF-BD40-9B3E8FB7F006}.Release|ARM.ActiveCfg = Release|Any CPU
		{BD35EF55-122E-43BF-BD40-9B3E8FB7F006}.Release|ARM.Build.0 = Release|Any CPU
		{BD35EF55-122E-43BF-BD40-9B3E8FB7F006}.Release|iPhone.ActiveCfg = Release|Any CPU
		{BD35EF55-122E-43BF-BD40-9B3E8FB7F006}.Release|iPhone.Build.0 = Release|Any CPU
		{BD35EF55-122E-43BF-BD40-9B3E8FB7F006}.Release|iPhoneSimulator.ActiveCfg = Release|Any CPU
		{BD35EF55-122E-43BF-BD40-9B3E8FB7F006}.Release|iPhoneSimulator.Build.0 = Release|Any CPU
		{BD35EF55-122E-43BF-BD40-9B3E8FB7F006}.Release|x64.ActiveCfg = Release|Any CPU
		{BD35EF55-122E-43BF-BD40-9B3E8FB7F006}.Release|x64.Build.0 = Release|Any CPU
		{BD35EF55-122E-43BF-BD40-9B3E8FB7F006}.Release|x86.ActiveCfg = Release|Any CPU
		{BD35EF55-122E-43BF-BD40-9B3E8FB7F006}.Release|x86.Build.0 = Release|Any CPU
	EndGlobalSection
	GlobalSection(SolutionProperties) = preSolution
		HideSolutionNode = FALSE
	EndGlobalSection
EndGlobal
